{
  "requires": true,
  "lockfileVersion": 1,
  "dependencies": {
    "@types/flickity": {
      "version": "2.2.3",
      "resolved": "https://registry.npmjs.org/@types/flickity/-/flickity-2.2.3.tgz",
      "integrity": "sha512-3RmLKEQ0bRIlza0Rnd2ZGB/ocNX0nx6U2m9kpDqSH9VDzgV6d4oif5mHi6a/JMI3COMtcvgPF/kH/GmG7lNbXg==",
      "dev": true
    },
    "typescript": {
      "version": "4.0.2",
      "resolved": "https://registry.npmjs.org/typescript/-/typescript-4.0.2.tgz",
      "integrity": "sha512-e4ERvRV2wb+rRZ/IQeb3jm2VxBsirQLpQhdxplZ2MEzGvDkkMmPglecnNDfSUBivMjP93vRbngYYDQqQ/78bcQ==",
      "dev": true
    }
  }
}
