{
  "requires": true,
  "lockfileVersion": 1,
  "dependencies": {
    "@types/flickity": {
      "version": "2.2.3",
      "resolved": "https://registry.npmjs.org/@types/flickity/-/flickity-2.2.3.tgz",
      "integrity": "sha512-3RmLKEQ0bRIlza0Rnd2ZGB/ocNX0nx6U2m9kpDqSH9VDzgV6d4oif5mHi6a/JMI3COMtcvgPF/kH/GmG7lNbXg==",
      "dev": true
    },
    "typescript": {
      "version": "3.9.7",
      "resolved": "https://registry.npmjs.org/typescript/-/typescript-3.9.7.tgz",
      "integrity": "sha512-BLbiRkiBzAwsjut4x/dsibSTB6yWpwT5qWmC2OfuCg3GgVQCSgMs4vEctYPhsaGtd0AeuuHMkjZ2h2WG8MSzRw==",
      "dev": true
    }
  }
}
